
Microsoft Visual Studio Solution File, Format Version 11.00
# Visual Studio 2010
Project("{FAE04EC0-301F-11D3-BF4B-00C04F79EFBC}") = "Assembly-CSharp", "Assembly-CSharp.csproj", "{b3e92616-ee4b-23aa-bcd0-200ec1bfb937}"
EndProject
Project("{FAE04EC0-301F-11D3-BF4B-00C04F79EFBC}") = "Assembly-CSharp-firstpass", "Assembly-CSharp-firstpass.csproj", "{75d92a99-b747-8836-53dc-db0948569a28}"
EndProject
Global
	GlobalSection(SolutionConfigurationPlatforms) = preSolution
		Debug|Any CPU = Debug|Any CPU
	EndGlobalSection
	GlobalSection(ProjectConfigurationPlatforms) = postSolution
		{b3e92616-ee4b-23aa-bcd0-200ec1bfb937}.Debug|Any CPU.ActiveCfg = Debug|Any CPU
		{b3e92616-ee4b-23aa-bcd0-200ec1bfb937}.Debug|Any CPU.Build.0 = Debug|Any CPU
		{75d92a99-b747-8836-53dc-db0948569a28}.Debug|Any CPU.ActiveCfg = Debug|Any CPU
		{75d92a99-b747-8836-53dc-db0948569a28}.Debug|Any CPU.Build.0 = Debug|Any CPU
	EndGlobalSection
	GlobalSection(SolutionProperties) = preSolution
		HideSolutionNode = FALSE
	EndGlobalSection
EndGlobal
